
Microsoft Visual Studio Solution File, Format Version 12.00
# Visual Studio Version 16
VisualStudioVersion = 16.0.30717.126
MinimumVisualStudioVersion = 10.0.40219.1
Project("{FAE04EC0-301F-11D3-BF4B-00C04F79EFBC}") = "SammyJs", "SammyJs.csproj", "{A5705BEE-686C-4D0C-A2E1-963383C6E046}"
EndProject
Global
	GlobalSection(SolutionConfigurationPlatforms) = preSolution
		Debug|Any CPU = Debug|Any CPU
		Release|Any CPU = Release|Any CPU
	EndGlobalSection
	GlobalSection(ProjectConfigurationPlatforms) = postSolution
		{A5705BEE-686C-4D0C-A2E1-963383C6E046}.Debug|Any CPU.ActiveCfg = Debug|Any CPU
		{A5705BEE-686C-4D0C-A2E1-963383C6E046}.Debug|Any CPU.Build.0 = Debug|Any CPU
		{A5705BEE-686C-4D0C-A2E1-963383C6E046}.Release|Any CPU.ActiveCfg = Release|Any CPU
		{A5705BEE-686C-4D0C-A2E1-963383C6E046}.Release|Any CPU.Build.0 = Release|Any CPU
	EndGlobalSection
	GlobalSection(SolutionProperties) = preSolution
		HideSolutionNode = FALSE
	EndGlobalSection
	GlobalSection(ExtensibilityGlobals) = postSolution
		SolutionGuid = {15419509-F9B7-49D1-AEDD-5F1D8BB01440}
	EndGlobalSection
EndGlobal
